// !$*UTF8*$!
{
	archiveVersion = 1;
	classes = {
	};
	objectVersion = 55;
	objects = {

/* Begin PBXBuildFile section */
		9CD82F080C91869116BEC375 /* Pods_TableViewHeader.framework in Frameworks */ = {isa = PBXBuildFile; fileRef = 60B5A3F84357DE4783F882BB /* Pods_TableViewHeader.framework */; };
		DB81E89728D08AB4002D70D0 /* AppDelegate.swift in Sources */ = {isa = PBXBuildFile; fileRef = DB81E89628D08AB4002D70D0 /* AppDelegate.swift */; };
		DB81E89928D08AB4002D70D0 /* SceneDelegate.swift in Sources */ = {isa = PBXBuildFile; fileRef = DB81E89828D08AB4002D70D0 /* SceneDelegate.swift */; };
		DB81E89B28D08AB4002D70D0 /* ViewController.swift in Sources */ = {isa = PBXBuildFile; fileRef = DB81E89A28D08AB4002D70D0 /* ViewController.swift */; };
		DB81E89E28D08AB4002D70D0 /* Main.storyboard in Resources */ = {isa = PBXBuildFile; fileRef = DB81E89C28D08AB4002D70D0 /* Main.storyboard */; };
		DB81E8A028D08AB9002D70D0 /* Assets.xcassets in Resources */ = {isa = PBXBuildFile; fileRef = DB81E89F28D08AB9002D70D0 /* Assets.xcassets */; };
		DB81E8A328D08AB9002D70D0 /* LaunchScreen.storyboard in Resources */ = {isa = PBXBuildFile; fileRef = DB81E8A128D08AB9002D70D0 /* LaunchScreen.storyboard */; };
		DB81E8AB28D09462002D70D0 /* StretchyTableViewHeaderView.swift in Sources */ = {isa = PBXBuildFile; fileRef = DB81E8AA28D09462002D70D0 /* StretchyTableViewHeaderView.swift */; };
		DB9BAFE128D1048900C1BB37 /* CSegControl.swift in Sources */ = {isa = PBXBuildFile; fileRef = DB9BAFE028D1048900C1BB37 /* CSegControl.swift */; };
		DB9BAFE328D105B500C1BB37 /* UIcolor+Extension.swift in Sources */ = {isa = PBXBuildFile; fileRef = DB9BAFE228D105B500C1BB37 /* UIcolor+Extension.swift */; };
		DB9D922E28D71F95008C8903 /* Segmentio1.swift in Sources */ = {isa = PBXBuildFile; fileRef = DB9D922D28D71F95008C8903 /* Segmentio1.swift */; };
/* End PBXBuildFile section */

/* Begin PBXFileReference section */
		162F92DD6F3AFC13D0329090 /* Pods-TableViewHeader.debug.xcconfig */ = {isa = PBXFileReference; includeInIndex = 1; lastKnownFileType = text.xcconfig; name = "Pods-TableViewHeader.debug.xcconfig"; path = "Target Support Files/Pods-TableViewHeader/Pods-TableViewHeader.debug.xcconfig"; sourceTree = "<group>"; };
		60B5A3F84357DE4783F882BB /* Pods_TableViewHeader.framework */ = {isa = PBXFileReference; explicitFileType = wrapper.framework; includeInIndex = 0; path = Pods_TableViewHeader.framework; sourceTree = BUILT_PRODUCTS_DIR; };
		666EE01F615966DC1A940C7B /* Pods-TableViewHeader.release.xcconfig */ = {isa = PBXFileReference; includeInIndex = 1; lastKnownFileType = text.xcconfig; name = "Pods-TableViewHeader.release.xcconfig"; path = "Target Support Files/Pods-TableViewHeader/Pods-TableViewHeader.release.xcconfig"; sourceTree = "<group>"; };
		DB81E89328D08AB4002D70D0 /* TableViewHeader.app */ = {isa = PBXFileReference; explicitFileType = wrapper.application; includeInIndex = 0; path = TableViewHeader.app; sourceTree = BUILT_PRODUCTS_DIR; };
		DB81E89628D08AB4002D70D0 /* AppDelegate.swift */ = {isa = PBXFileReference; lastKnownFileType = sourcecode.swift; path = AppDelegate.swift; sourceTree = "<group>"; };
		DB81E89828D08AB4002D70D0 /* SceneDelegate.swift */ = {isa = PBXFileReference; lastKnownFileType = sourcecode.swift; path = SceneDelegate.swift; sourceTree = "<group>"; };
		DB81E89A28D08AB4002D70D0 /* ViewController.swift */ = {isa = PBXFileReference; lastKnownFileType = sourcecode.swift; path = ViewController.swift; sourceTree = "<group>"; };
		DB81E89D28D08AB4002D70D0 /* Base */ = {isa = PBXFileReference; lastKnownFileType = file.storyboard; name = Base; path = Base.lproj/Main.storyboard; sourceTree = "<group>"; };
		DB81E89F28D08AB9002D70D0 /* Assets.xcassets */ = {isa = PBXFileReference; lastKnownFileType = folder.assetcatalog; path = Assets.xcassets; sourceTree = "<group>"; };
		DB81E8A228D08AB9002D70D0 /* Base */ = {isa = PBXFileReference; lastKnownFileType = file.storyboard; name = Base; path = Base.lproj/LaunchScreen.storyboard; sourceTree = "<group>"; };
		DB81E8A428D08AB9002D70D0 /* Info.plist */ = {isa = PBXFileReference; lastKnownFileType = text.plist.xml; path = Info.plist; sourceTree = "<group>"; };
		DB81E8AA28D09462002D70D0 /* StretchyTableViewHeaderView.swift */ = {isa = PBXFileReference; lastKnownFileType = sourcecode.swift; path = StretchyTableViewHeaderView.swift; sourceTree = "<group>"; };
		DB9BAFE028D1048900C1BB37 /* CSegControl.swift */ = {isa = PBXFileReference; fileEncoding = 4; lastKnownFileType = sourcecode.swift; path = CSegControl.swift; sourceTree = "<group>"; };
		DB9BAFE228D105B500C1BB37 /* UIcolor+Extension.swift */ = {isa = PBXFileReference; lastKnownFileType = sourcecode.swift; path = "UIcolor+Extension.swift"; sourceTree = "<group>"; };
		DB9D922D28D71F95008C8903 /* Segmentio1.swift */ = {isa = PBXFileReference; lastKnownFileType = sourcecode.swift; path = Segmentio1.swift; sourceTree = "<group>"; };
/* End PBXFileReference section */

/* Begin PBXFrameworksBuildPhase section */
		DB81E89028D08AB4002D70D0 /* Frameworks */ = {
			isa = PBXFrameworksBuildPhase;
			buildActionMask = 2147483647;
			files = (
				9CD82F080C91869116BEC375 /* Pods_TableViewHeader.framework in Frameworks */,
			);
			runOnlyForDeploymentPostprocessing = 0;
		};
/* End PBXFrameworksBuildPhase section */

/* Begin PBXGroup section */
		2E4466C9E79FEFB4249359E8 /* Pods */ = {
			isa = PBXGroup;
			children = (
				162F92DD6F3AFC13D0329090 /* Pods-TableViewHeader.debug.xcconfig */,
				666EE01F615966DC1A940C7B /* Pods-TableViewHeader.release.xcconfig */,
			);
			path = Pods;
			sourceTree = "<group>";
		};
		7CFE01B2F41E7CD692139172 /* Frameworks */ = {
			isa = PBXGroup;
			children = (
				60B5A3F84357DE4783F882BB /* Pods_TableViewHeader.framework */,
			);
			name = Frameworks;
			sourceTree = "<group>";
		};
		DB81E88A28D08AB4002D70D0 = {
			isa = PBXGroup;
			children = (
				DB81E89528D08AB4002D70D0 /* TableViewHeader */,
				DB81E89428D08AB4002D70D0 /* Products */,
				2E4466C9E79FEFB4249359E8 /* Pods */,
				7CFE01B2F41E7CD692139172 /* Frameworks */,
			);
			sourceTree = "<group>";
		};
		DB81E89428D08AB4002D70D0 /* Products */ = {
			isa = PBXGroup;
			children = (
				DB81E89328D08AB4002D70D0 /* TableViewHeader.app */,
			);
			name = Products;
			sourceTree = "<group>";
		};
		DB81E89528D08AB4002D70D0 /* TableViewHeader */ = {
			isa = PBXGroup;
			children = (
				DB81E89628D08AB4002D70D0 /* AppDelegate.swift */,
				DB81E89828D08AB4002D70D0 /* SceneDelegate.swift */,
				DB81E89A28D08AB4002D70D0 /* ViewController.swift */,
				DB81E89C28D08AB4002D70D0 /* Main.storyboard */,
				DB81E89F28D08AB9002D70D0 /* Assets.xcassets */,
				DB81E8A128D08AB9002D70D0 /* LaunchScreen.storyboard */,
				DB81E8A428D08AB9002D70D0 /* Info.plist */,
				DB81E8AA28D09462002D70D0 /* StretchyTableViewHeaderView.swift */,
				DB9BAFE028D1048900C1BB37 /* CSegControl.swift */,
				DB9BAFE228D105B500C1BB37 /* UIcolor+Extension.swift */,
				DB9D922D28D71F95008C8903 /* Segmentio1.swift */,
			);
			path = TableViewHeader;
			sourceTree = "<group>";
		};
/* End PBXGroup section */

/* Begin PBXNativeTarget section */
		DB81E89228D08AB4002D70D0 /* TableViewHeader */ = {
			isa = PBXNativeTarget;
			buildConfigurationList = DB81E8A728D08AB9002D70D0 /* Build configuration list for PBXNativeTarget "TableViewHeader" */;
			buildPhases = (
				4227AD25C8CEB54CA384B2F0 /* [CP] Check Pods Manifest.lock */,
				DB81E88F28D08AB4002D70D0 /* Sources */,
				DB81E89028D08AB4002D70D0 /* Frameworks */,
				DB81E89128D08AB4002D70D0 /* Resources */,
				8A588FA2541407B2E3763072 /* [CP] Embed Pods Frameworks */,
			);
			buildRules = (
			);
			dependencies = (
			);
			name = TableViewHeader;
			productName = TableViewHeader;
			productReference = DB81E89328D08AB4002D70D0 /* TableViewHeader.app */;
			productType = "com.apple.product-type.application";
		};
/* End PBXNativeTarget section */

/* Begin PBXProject section */
		DB81E88B28D08AB4002D70D0 /* Project object */ = {
			isa = PBXProject;
			attributes = {
				BuildIndependentTargetsInParallel = 1;
				LastSwiftUpdateCheck = 1340;
				LastUpgradeCheck = 1340;
				TargetAttributes = {
					DB81E89228D08AB4002D70D0 = {
						CreatedOnToolsVersion = 13.4.1;
					};
				};
			};
			buildConfigurationList = DB81E88E28D08AB4002D70D0 /* Build configuration list for PBXProject "TableViewHeader" */;
			compatibilityVersion = "Xcode 13.0";
			developmentRegion = en;
			hasScannedForEncodings = 0;
			knownRegions = (
				en,
				Base,
			);
			mainGroup = DB81E88A28D08AB4002D70D0;
			productRefGroup = DB81E89428D08AB4002D70D0 /* Products */;
			projectDirPath = "";
			projectRoot = "";
			targets = (
				DB81E89228D08AB4002D70D0 /* TableViewHeader */,
			);
		};
/* End PBXProject section */

/* Begin PBXResourcesBuildPhase section */
		DB81E89128D08AB4002D70D0 /* Resources */ = {
			isa = PBXResourcesBuildPhase;
			buildActionMask = 2147483647;
			files = (
				DB81E8A328D08AB9002D70D0 /* LaunchScreen.storyboard in Resources */,
				DB81E8A028D08AB9002D70D0 /* Assets.xcassets in Resources */,
				DB81E89E28D08AB4002D70D0 /* Main.storyboard in Resources */,
			);
			runOnlyForDeploymentPostprocessing = 0;
		};
/* End PBXResourcesBuildPhase section */

/* Begin PBXShellScriptBuildPhase section */
		4227AD25C8CEB54CA384B2F0 /* [CP] Check Pods Manifest.lock */ = {
			isa = PBXShellScriptBuildPhase;
			buildActionMask = 2147483647;
			files = (
			);
			inputFileListPaths = (
			);
			inputPaths = (
				"${PODS_PODFILE_DIR_PATH}/Podfile.lock",
				"${PODS_ROOT}/Manifest.lock",
			);
			name = "[CP] Check Pods Manifest.lock";
			outputFileListPaths = (
			);
			outputPaths = (
				"$(DERIVED_FILE_DIR)/Pods-TableViewHeader-checkManifestLockResult.txt",
			);
			runOnlyForDeploymentPostprocessing = 0;
			shellPath = /bin/sh;
			shellScript = "diff \"${PODS_PODFILE_DIR_PATH}/Podfile.lock\" \"${PODS_ROOT}/Manifest.lock\" > /dev/null\nif [ $? != 0 ] ; then\n    # print error to STDERR\n    echo \"error: The sandbox is not in sync with the Podfile.lock. Run 'pod install' or update your CocoaPods installation.\" >&2\n    exit 1\nfi\n# This output is used by Xcode 'outputs' to avoid re-running this script phase.\necho \"SUCCESS\" > \"${SCRIPT_OUTPUT_FILE_0}\"\n";
			showEnvVarsInLog = 0;
		};
		8A588FA2541407B2E3763072 /* [CP] Embed Pods Frameworks */ = {
			isa = PBXShellScriptBuildPhase;
			buildActionMask = 2147483647;
			files = (
			);
			inputFileListPaths = (
				"${PODS_ROOT}/Target Support Files/Pods-TableViewHeader/Pods-TableViewHeader-frameworks-${CONFIGURATION}-input-files.xcfilelist",
			);
			name = "[CP] Embed Pods Frameworks";
			outputFileListPaths = (
				"${PODS_ROOT}/Target Support Files/Pods-TableViewHeader/Pods-TableViewHeader-frameworks-${CONFIGURATION}-output-files.xcfilelist",
			);
			runOnlyForDeploymentPostprocessing = 0;
			shellPath = /bin/sh;
			shellScript = "\"${PODS_ROOT}/Target Support Files/Pods-TableViewHeader/Pods-TableViewHeader-frameworks.sh\"\n";
			showEnvVarsInLog = 0;
		};
/* End PBXShellScriptBuildPhase section */

/* Begin PBXSourcesBuildPhase section */
		DB81E88F28D08AB4002D70D0 /* Sources */ = {
			isa = PBXSourcesBuildPhase;
			buildActionMask = 2147483647;
			files = (
				DB81E89B28D08AB4002D70D0 /* ViewController.swift in Sources */,
				DB9D922E28D71F95008C8903 /* Segmentio1.swift in Sources */,
				DB9BAFE328D105B500C1BB37 /* UIcolor+Extension.swift in Sources */,
				DB81E89728D08AB4002D70D0 /* AppDelegate.swift in Sources */,
				DB81E89928D08AB4002D70D0 /* SceneDelegate.swift in Sources */,
				DB9BAFE128D1048900C1BB37 /* CSegControl.swift in Sources */,
				DB81E8AB28D09462002D70D0 /* StretchyTableViewHeaderView.swift in Sources */,
			);
			runOnlyForDeploymentPostprocessing = 0;
		};
/* End PBXSourcesBuildPhase section */

/* Begin PBXVariantGroup section */
		DB81E89C28D08AB4002D70D0 /* Main.storyboard */ = {
			isa = PBXVariantGroup;
			children = (
				DB81E89D28D08AB4002D70D0 /* Base */,
			);
			name = Main.storyboard;
			sourceTree = "<group>";
		};
		DB81E8A128D08AB9002D70D0 /* LaunchScreen.storyboard */ = {
			isa = PBXVariantGroup;
			children = (
				DB81E8A228D08AB9002D70D0 /* Base */,
			);
			name = LaunchScreen.storyboard;
			sourceTree = "<group>";
		};
/* End PBXVariantGroup section */

/* Begin XCBuildConfiguration section */
		DB81E8A528D08AB9002D70D0 /* Debug */ = {
			isa = XCBuildConfiguration;
			buildSettings = {
				ALWAYS_SEARCH_USER_PATHS = NO;
				CLANG_ANALYZER_NONNULL = YES;
				CLANG_ANALYZER_NUMBER_OBJECT_CONVERSION = YES_AGGRESSIVE;
				CLANG_CXX_LANGUAGE_STANDARD = "gnu++17";
				CLANG_ENABLE_MODULES = YES;
				CLANG_ENABLE_OBJC_ARC = YES;
				CLANG_ENABLE_OBJC_WEAK = YES;
				CLANG_WARN_BLOCK_CAPTURE_AUTORELEASING = YES;
				CLANG_WARN_BOOL_CONVERSION = YES;
				CLANG_WARN_COMMA = YES;
				CLANG_WARN_CONSTANT_CONVERSION = YES;
				CLANG_WARN_DEPRECATED_OBJC_IMPLEMENTATIONS = YES;
				CLANG_WARN_DIRECT_OBJC_ISA_USAGE = YES_ERROR;
				CLANG_WARN_DOCUMENTATION_COMMENTS = YES;
				CLANG_WARN_EMPTY_BODY = YES;
				CLANG_WARN_ENUM_CONVERSION = YES;
				CLANG_WARN_INFINITE_RECURSION = YES;
				CLANG_WARN_INT_CONVERSION = YES;
				CLANG_WARN_NON_LITERAL_NULL_CONVERSION = YES;
				CLANG_WARN_OBJC_IMPLICIT_RETAIN_SELF = YES;
				CLANG_WARN_OBJC_LITERAL_CONVERSION = YES;
				CLANG_WARN_OBJC_ROOT_CLASS = YES_ERROR;
				CLANG_WARN_QUOTED_INCLUDE_IN_FRAMEWORK_HEADER = YES;
				CLANG_WARN_RANGE_LOOP_ANALYSIS = YES;
				CLANG_WARN_STRICT_PROTOTYPES = YES;
				CLANG_WARN_SUSPICIOUS_MOVE = YES;
				CLANG_WARN_UNGUARDED_AVAILABILITY = YES_AGGRESSIVE;
				CLANG_WARN_UNREACHABLE_CODE = YES;
				CLANG_WARN__DUPLICATE_METHOD_MATCH = YES;
				COPY_PHASE_STRIP = NO;
				DEBUG_INFORMATION_FORMAT = dwarf;
				ENABLE_STRICT_OBJC_MSGSEND = YES;
				ENABLE_TESTABILITY = YES;
				GCC_C_LANGUAGE_STANDARD = gnu11;
				GCC_DYNAMIC_NO_PIC = NO;
				GCC_NO_COMMON_BLOCKS = YES;
				GCC_OPTIMIZATION_LEVEL = 0;
				GCC_PREPROCESSOR_DEFINITIONS = (
					"DEBUG=1",
					"$(inherited)",
				);
				GCC_WARN_64_TO_32_BIT_CONVERSION = YES;
				GCC_WARN_ABOUT_RETURN_TYPE = YES_ERROR;
				GCC_WARN_UNDECLARED_SELECTOR = YES;
				GCC_WARN_UNINITIALIZED_AUTOS = YES_AGGRESSIVE;
				GCC_WARN_UNUSED_FUNCTION = YES;
				GCC_WARN_UNUSED_VARIABLE = YES;
				IPHONEOS_DEPLOYMENT_TARGET = 15.5;
				MTL_ENABLE_DEBUG_INFO = INCLUDE_SOURCE;
				MTL_FAST_MATH = YES;
				ONLY_ACTIVE_ARCH = YES;
				SDKROOT = iphoneos;
				SWIFT_ACTIVE_COMPILATION_CONDITIONS = DEBUG;
				SWIFT_OPTIMIZATION_LEVEL = "-Onone";
			};
			name = Debug;
		};
		DB81E8A628D08AB9002D70D0 /* Release */ = {
			isa = XCBuildConfiguration;
			buildSettings = {
				ALWAYS_SEARCH_USER_PATHS = NO;
				CLANG_ANALYZER_NONNULL = YES;
				CLANG_ANALYZER_NUMBER_OBJECT_CONVERSION = YES_AGGRESSIVE;
				CLANG_CXX_LANGUAGE_STANDARD = "gnu++17";
				CLANG_ENABLE_MODULES = YES;
				CLANG_ENABLE_OBJC_ARC = YES;
				CLANG_ENABLE_OBJC_WEAK = YES;
				CLANG_WARN_BLOCK_CAPTURE_AUTORELEASING = YES;
				CLANG_WARN_BOOL_CONVERSION = YES;
				CLANG_WARN_COMMA = YES;
				CLANG_WARN_CONSTANT_CONVERSION = YES;
				CLANG_WARN_DEPRECATED_OBJC_IMPLEMENTATIONS = YES;
				CLANG_WARN_DIRECT_OBJC_ISA_USAGE = YES_ERROR;
				CLANG_WARN_DOCUMENTATION_COMMENTS = YES;
				CLANG_WARN_EMPTY_BODY = YES;
				CLANG_WARN_ENUM_CONVERSION = YES;
				CLANG_WARN_INFINITE_RECURSION = YES;
				CLANG_WARN_INT_CONVERSION = YES;
				CLANG_WARN_NON_LITERAL_NULL_CONVERSION = YES;
				CLANG_WARN_OBJC_IMPLICIT_RETAIN_SELF = YES;
				CLANG_WARN_OBJC_LITERAL_CONVERSION = YES;
				CLANG_WARN_OBJC_ROOT_CLASS = YES_ERROR;
				CLANG_WARN_QUOTED_INCLUDE_IN_FRAMEWORK_HEADER = YES;
				CLANG_WARN_RANGE_LOOP_ANALYSIS = YES;
				CLANG_WARN_STRICT_PROTOTYPES = YES;
				CLANG_WARN_SUSPICIOUS_MOVE = YES;
				CLANG_WARN_UNGUARDED_AVAILABILITY = YES_AGGRESSIVE;
				CLANG_WARN_UNREACHABLE_CODE = YES;
				CLANG_WARN__DUPLICATE_METHOD_MATCH = YES;
				COPY_PHASE_STRIP = NO;
				DEBUG_INFORMATION_FORMAT = "dwarf-with-dsym";
				ENABLE_NS_ASSERTIONS = NO;
				ENABLE_STRICT_OBJC_MSGSEND = YES;
				GCC_C_LANGUAGE_STANDARD = gnu11;
				GCC_NO_COMMON_BLOCKS = YES;
				GCC_WARN_64_TO_32_BIT_CONVERSION = YES;
				GCC_WARN_ABOUT_RETURN_TYPE = YES_ERROR;
				GCC_WARN_UNDECLARED_SELECTOR = YES;
				GCC_WARN_UNINITIALIZED_AUTOS = YES_AGGRESSIVE;
				GCC_WARN_UNUSED_FUNCTION = YES;
				GCC_WARN_UNUSED_VARIABLE = YES;
				IPHONEOS_DEPLOYMENT_TARGET = 15.5;
				MTL_ENABLE_DEBUG_INFO = NO;
				MTL_FAST_MATH = YES;
				SDKROOT = iphoneos;
				SWIFT_COMPILATION_MODE = wholemodule;
				SWIFT_OPTIMIZATION_LEVEL = "-O";
				VALIDATE_PRODUCT = YES;
			};
			name = Release;
		};
		DB81E8A828D08AB9002D70D0 /* Debug */ = {
			isa = XCBuildConfiguration;
			baseConfigurationReference = 162F92DD6F3AFC13D0329090 /* Pods-TableViewHeader.debug.xcconfig */;
			buildSettings = {
				ASSETCATALOG_COMPILER_APPICON_NAME = AppIcon;
				ASSETCATALOG_COMPILER_GLOBAL_ACCENT_COLOR_NAME = AccentColor;
				CODE_SIGN_STYLE = Automatic;
				CURRENT_PROJECT_VERSION = 1;
				DEVELOPMENT_TEAM = SKY5Q4QK25;
				GENERATE_INFOPLIST_FILE = YES;
				INFOPLIST_FILE = TableViewHeader/Info.plist;
				INFOPLIST_KEY_UIApplicationSupportsIndirectInputEvents = YES;
				INFOPLIST_KEY_UILaunchStoryboardName = LaunchScreen;
				INFOPLIST_KEY_UIMainStoryboardFile = Main;
				INFOPLIST_KEY_UISupportedInterfaceOrientations_iPad = "UIInterfaceOrientationPortrait UIInterfaceOrientationPortraitUpsideDown UIInterfaceOrientationLandscapeLeft UIInterfaceOrientationLandscapeRight";
				INFOPLIST_KEY_UISupportedInterfaceOrientations_iPhone = "UIInterfaceOrientationPortrait UIInterfaceOrientationLandscapeLeft UIInterfaceOrientationLandscapeRight";
				LD_RUNPATH_SEARCH_PATHS = (
					"$(inherited)",
					"@executable_path/Frameworks",
				);
				MARKETING_VERSION = 1.0;
				PRODUCT_BUNDLE_IDENTIFIER = com.aydin.www.TableViewHeader;
				PRODUCT_NAME = "$(TARGET_NAME)";
				SWIFT_EMIT_LOC_STRINGS = YES;
				SWIFT_VERSION = 5.0;
				TARGETED_DEVICE_FAMILY = "1,2";
			};
			name = Debug;
		};
		DB81E8A928D08AB9002D70D0 /* Release */ = {
			isa = XCBuildConfiguration;
			baseConfigurationReference = 666EE01F615966DC1A940C7B /* Pods-TableViewHeader.release.xcconfig */;
			buildSettings = {
				ASSETCATALOG_COMPILER_APPICON_NAME = AppIcon;
				ASSETCATALOG_COMPILER_GLOBAL_ACCENT_COLOR_NAME = AccentColor;
				CODE_SIGN_STYLE = Automatic;
				CURRENT_PROJECT_VERSION = 1;
				DEVELOPMENT_TEAM = SKY5Q4QK25;
				GENERATE_INFOPLIST_FILE = YES;
				INFOPLIST_FILE = TableViewHeader/Info.plist;
				INFOPLIST_KEY_UIApplicationSupportsIndirectInputEvents = YES;
				INFOPLIST_KEY_UILaunchStoryboardName = LaunchScreen;
				INFOPLIST_KEY_UIMainStoryboardFile = Main;
				INFOPLIST_KEY_UISupportedInterfaceOrientations_iPad = "UIInterfaceOrientationPortrait UIInterfaceOrientationPortraitUpsideDown UIInterfaceOrientationLandscapeLeft UIInterfaceOrientationLandscapeRight";
				INFOPLIST_KEY_UISupportedInterfaceOrientations_iPhone = "UIInterfaceOrientationPortrait UIInterfaceOrientationLandscapeLeft UIInterfaceOrientationLandscapeRight";
				LD_RUNPATH_SEARCH_PATHS = (
					"$(inherited)",
					"@executable_path/Frameworks",
				);
				MARKETING_VERSION = 1.0;
				PRODUCT_BUNDLE_IDENTIFIER = com.aydin.www.TableViewHeader;
				PRODUCT_NAME = "$(TARGET_NAME)";
				SWIFT_EMIT_LOC_STRINGS = YES;
				SWIFT_VERSION = 5.0;
				TARGETED_DEVICE_FAMILY = "1,2";
			};
			name = Release;
		};
/* End XCBuildConfiguration section */

/* Begin XCConfigurationList section */
		DB81E88E28D08AB4002D70D0 /* Build configuration list for PBXProject "TableViewHeader" */ = {
			isa = XCConfigurationList;
			buildConfigurations = (
				DB81E8A528D08AB9002D70D0 /* Debug */,
				DB81E8A628D08AB9002D70D0 /* Release */,
			);
			defaultConfigurationIsVisible = 0;
			defaultConfigurationName = Release;
		};
		DB81E8A728D08AB9002D70D0 /* Build configuration list for PBXNativeTarget "TableViewHeader" */ = {
			isa = XCConfigurationList;
			buildConfigurations = (
				DB81E8A828D08AB9002D70D0 /* Debug */,
				DB81E8A928D08AB9002D70D0 /* Release */,
			);
			defaultConfigurationIsVisible = 0;
			defaultConfigurationName = Release;
		};
/* End XCConfigurationList section */
	};
	rootObject = DB81E88B28D08AB4002D70D0 /* Project object */;
}
